
Microsoft Visual Studio Solution File, Format Version 12.00
# Visual Studio Version 16
VisualStudioVersion = 16.0.30907.101
MinimumVisualStudioVersion = 10.0.40219.1
Project("{9A19103F-16F7-4668-BE54-9A1E7A4F7556}") = "CSharpBasics", "CSharpBasics.csproj", "{7A662E23-8F23-420F-B7C0-E7A951EB3ADE}"
EndProject
Project("{9A19103F-16F7-4668-BE54-9A1E7A4F7556}") = "Operators", "..\Operators\Operators.csproj", "{2EEB436D-0929-4EA1-A721-A5EC366ADBB7}"
EndProject
Project("{9A19103F-16F7-4668-BE54-9A1E7A4F7556}") = "MethodsAndTesting", "..\MethodsAndTesting\MethodsAndTesting.csproj", "{4DDAE9C8-7933-40E1-9D27-5D9E1C3E55FA}"
EndProject
Project("{9A19103F-16F7-4668-BE54-9A1E7A4F7556}") = "TripleCalcTest", "..\NUnitTestProject1\TripleCalcTest.csproj", "{1E8A4F12-0F61-436F-AB77-F762A7BC5659}"
EndProject
Project("{9A19103F-16F7-4668-BE54-9A1E7A4F7556}") = "ArraysAndStrings", "..\ArraysAndStrings\ArraysAndStrings.csproj", "{B437E738-C5D6-48D3-ADD2-E6A9176F3415}"
EndProject
Project("{FAE04EC0-301F-11D3-BF4B-00C04F79EFBC}") = "SelectionLib", "..\SelectionLib\SelectionLib.csproj", "{D3894272-5980-455D-A886-3591C8DC6480}"
EndProject
Project("{FAE04EC0-301F-11D3-BF4B-00C04F79EFBC}") = "SelectionTest", "..\SelectionTest\SelectionTest.csproj", "{5D8B2EE2-058D-4420-AE53-9CC5B472C1FD}"
EndProject
Project("{FAE04EC0-301F-11D3-BF4B-00C04F79EFBC}") = "IterationApp", "..\IterationApp\IterationApp.csproj", "{DA6599DA-9482-4995-8027-910E941B5B4C}"
EndProject
Global
	GlobalSection(SolutionConfigurationPlatforms) = preSolution
		Debug|Any CPU = Debug|Any CPU
		Release|Any CPU = Release|Any CPU
	EndGlobalSection
	GlobalSection(ProjectConfigurationPlatforms) = postSolution
		{7A662E23-8F23-420F-B7C0-E7A951EB3ADE}.Debug|Any CPU.ActiveCfg = Debug|Any CPU
		{7A662E23-8F23-420F-B7C0-E7A951EB3ADE}.Debug|Any CPU.Build.0 = Debug|Any CPU
		{7A662E23-8F23-420F-B7C0-E7A951EB3ADE}.Release|Any CPU.ActiveCfg = Release|Any CPU
		{7A662E23-8F23-420F-B7C0-E7A951EB3ADE}.Release|Any CPU.Build.0 = Release|Any CPU
		{2EEB436D-0929-4EA1-A721-A5EC366ADBB7}.Debug|Any CPU.ActiveCfg = Debug|Any CPU
		{2EEB436D-0929-4EA1-A721-A5EC366ADBB7}.Debug|Any CPU.Build.0 = Debug|Any CPU
		{2EEB436D-0929-4EA1-A721-A5EC366ADBB7}.Release|Any CPU.ActiveCfg = Release|Any CPU
		{2EEB436D-0929-4EA1-A721-A5EC366ADBB7}.Release|Any CPU.Build.0 = Release|Any CPU
		{4DDAE9C8-7933-40E1-9D27-5D9E1C3E55FA}.Debug|Any CPU.ActiveCfg = Debug|Any CPU
		{4DDAE9C8-7933-40E1-9D27-5D9E1C3E55FA}.Debug|Any CPU.Build.0 = Debug|Any CPU
		{4DDAE9C8-7933-40E1-9D27-5D9E1C3E55FA}.Release|Any CPU.ActiveCfg = Release|Any CPU
		{4DDAE9C8-7933-40E1-9D27-5D9E1C3E55FA}.Release|Any CPU.Build.0 = Release|Any CPU
		{1E8A4F12-0F61-436F-AB77-F762A7BC5659}.Debug|Any CPU.ActiveCfg = Debug|Any CPU
		{1E8A4F12-0F61-436F-AB77-F762A7BC5659}.Debug|Any CPU.Build.0 = Debug|Any CPU
		{1E8A4F12-0F61-436F-AB77-F762A7BC5659}.Release|Any CPU.ActiveCfg = Release|Any CPU
		{1E8A4F12-0F61-436F-AB77-F762A7BC5659}.Release|Any CPU.Build.0 = Release|Any CPU
		{B437E738-C5D6-48D3-ADD2-E6A9176F3415}.Debug|Any CPU.ActiveCfg = Debug|Any CPU
		{B437E738-C5D6-48D3-ADD2-E6A9176F3415}.Debug|Any CPU.Build.0 = Debug|Any CPU
		{B437E738-C5D6-48D3-ADD2-E6A9176F3415}.Release|Any CPU.ActiveCfg = Release|Any CPU
		{B437E738-C5D6-48D3-ADD2-E6A9176F3415}.Release|Any CPU.Build.0 = Release|Any CPU
		{D3894272-5980-455D-A886-3591C8DC6480}.Debug|Any CPU.ActiveCfg = Debug|Any CPU
		{D3894272-5980-455D-A886-3591C8DC6480}.Debug|Any CPU.Build.0 = Debug|Any CPU
		{D3894272-5980-455D-A886-3591C8DC6480}.Release|Any CPU.ActiveCfg = Release|Any CPU
		{D3894272-5980-455D-A886-3591C8DC6480}.Release|Any CPU.Build.0 = Release|Any CPU
		{5D8B2EE2-058D-4420-AE53-9CC5B472C1FD}.Debug|Any CPU.ActiveCfg = Debug|Any CPU
		{5D8B2EE2-058D-4420-AE53-9CC5B472C1FD}.Debug|Any CPU.Build.0 = Debug|Any CPU
		{5D8B2EE2-058D-4420-AE53-9CC5B472C1FD}.Release|Any CPU.ActiveCfg = Release|Any CPU
		{5D8B2EE2-058D-4420-AE53-9CC5B472C1FD}.Release|Any CPU.Build.0 = Release|Any CPU
		{DA6599DA-9482-4995-8027-910E941B5B4C}.Debug|Any CPU.ActiveCfg = Debug|Any CPU
		{DA6599DA-9482-4995-8027-910E941B5B4C}.Debug|Any CPU.Build.0 = Debug|Any CPU
		{DA6599DA-9482-4995-8027-910E941B5B4C}.Release|Any CPU.ActiveCfg = Release|Any CPU
		{DA6599DA-9482-4995-8027-910E941B5B4C}.Release|Any CPU.Build.0 = Release|Any CPU
	EndGlobalSection
	GlobalSection(SolutionProperties) = preSolution
		HideSolutionNode = FALSE
	EndGlobalSection
	GlobalSection(ExtensibilityGlobals) = postSolution
		SolutionGuid = {92F1EA9C-2DD3-42DD-9414-B5E4E3CE7510}
	EndGlobalSection
EndGlobal
